
Microsoft Visual Studio Solution File, Format Version 12.00
# Visual Studio Version 17
VisualStudioVersion = 17.7.34221.43
MinimumVisualStudioVersion = 10.0.40219.1
Project("{9A19103F-16F7-4668-BE54-9A1E7A4F7556}") = "FishingRogue", "FishingRogue.csproj", "{6ADBFBA6-D2FB-4919-8226-7268B00DADAB}"
EndProject
Project("{FAE04EC0-301F-11D3-BF4B-00C04F79EFBC}") = "FishingRogueTests", "..\FishingRogueTests\FishingRogueTests.csproj", "{76732F49-B6A6-4F64-80E9-D5AAB0412A3E}"
EndProject
Global
	GlobalSection(SolutionConfigurationPlatforms) = preSolution
		Debug|Any CPU = Debug|Any CPU
		Release|Any CPU = Release|Any CPU
	EndGlobalSection
	GlobalSection(ProjectConfigurationPlatforms) = postSolution
		{6ADBFBA6-D2FB-4919-8226-7268B00DADAB}.Debug|Any CPU.ActiveCfg = Debug|Any CPU
		{6ADBFBA6-D2FB-4919-8226-7268B00DADAB}.Debug|Any CPU.Build.0 = Debug|Any CPU
		{6ADBFBA6-D2FB-4919-8226-7268B00DADAB}.Release|Any CPU.ActiveCfg = Release|Any CPU
		{6ADBFBA6-D2FB-4919-8226-7268B00DADAB}.Release|Any CPU.Build.0 = Release|Any CPU
		{76732F49-B6A6-4F64-80E9-D5AAB0412A3E}.Debug|Any CPU.ActiveCfg = Debug|Any CPU
		{76732F49-B6A6-4F64-80E9-D5AAB0412A3E}.Debug|Any CPU.Build.0 = Debug|Any CPU
		{76732F49-B6A6-4F64-80E9-D5AAB0412A3E}.Release|Any CPU.ActiveCfg = Release|Any CPU
		{76732F49-B6A6-4F64-80E9-D5AAB0412A3E}.Release|Any CPU.Build.0 = Release|Any CPU
	EndGlobalSection
	GlobalSection(SolutionProperties) = preSolution
		HideSolutionNode = FALSE
	EndGlobalSection
	GlobalSection(ExtensibilityGlobals) = postSolution
		SolutionGuid = {64AE79FA-657D-427D-948F-EACDD9C7E360}
	EndGlobalSection
EndGlobal
